// !$*UTF8*$!
{
	archiveVersion = 1;
	classes = {
	};
	objectVersion = 50;
	objects = {

/* Begin PBXBuildFile section */
		BEEF6A6120E427BB001DEC97 /* AppDelegate.m in Sources */ = {isa = PBXBuildFile; fileRef = BEEF6A6020E427BB001DEC97 /* AppDelegate.m */; };
		BEEF6A6720E427BB001DEC97 /* Main.storyboard in Resources */ = {isa = PBXBuildFile; fileRef = BEEF6A6520E427BB001DEC97 /* Main.storyboard */; };
		BEEF6A6920E427BC001DEC97 /* Assets.xcassets in Resources */ = {isa = PBXBuildFile; fileRef = BEEF6A6820E427BC001DEC97 /* Assets.xcassets */; };
		BEEF6A6C20E427BC001DEC97 /* LaunchScreen.storyboard in Resources */ = {isa = PBXBuildFile; fileRef = BEEF6A6A20E427BC001DEC97 /* LaunchScreen.storyboard */; };
		BEEF6A6F20E427BC001DEC97 /* main.m in Sources */ = {isa = PBXBuildFile; fileRef = BEEF6A6E20E427BC001DEC97 /* main.m */; };
		BEEF6A7720E429C7001DEC97 /* PhotosViewController.m in Sources */ = {isa = PBXBuildFile; fileRef = BEEF6A7620E429C7001DEC97 /* PhotosViewController.m */; };
		BEEF6A7A20E42D39001DEC97 /* PhotoCell.m in Sources */ = {isa = PBXBuildFile; fileRef = BEEF6A7920E42D39001DEC97 /* PhotoCell.m */; };
		F999DB322EDAD3BA10E8C640 /* Pods_Tumblr.framework in Frameworks */ = {isa = PBXBuildFile; fileRef = 98153B8DC5BBFBACABF4DFFD /* Pods_Tumblr.framework */; };
/* End PBXBuildFile section */

/* Begin PBXFileReference section */
		51EA6593627CF7346100A411 /* Pods-Tumblr.debug.xcconfig */ = {isa = PBXFileReference; includeInIndex = 1; lastKnownFileType = text.xcconfig; name = "Pods-Tumblr.debug.xcconfig"; path = "Pods/Target Support Files/Pods-Tumblr/Pods-Tumblr.debug.xcconfig"; sourceTree = "<group>"; };
		5DCD8F0E1C059A727CB276CC /* Pods-Tumblr.release.xcconfig */ = {isa = PBXFileReference; includeInIndex = 1; lastKnownFileType = text.xcconfig; name = "Pods-Tumblr.release.xcconfig"; path = "Pods/Target Support Files/Pods-Tumblr/Pods-Tumblr.release.xcconfig"; sourceTree = "<group>"; };
		98153B8DC5BBFBACABF4DFFD /* Pods_Tumblr.framework */ = {isa = PBXFileReference; explicitFileType = wrapper.framework; includeInIndex = 0; path = Pods_Tumblr.framework; sourceTree = BUILT_PRODUCTS_DIR; };
		BEEF6A5C20E427BB001DEC97 /* Tumblr.app */ = {isa = PBXFileReference; explicitFileType = wrapper.application; includeInIndex = 0; path = Tumblr.app; sourceTree = BUILT_PRODUCTS_DIR; };
		BEEF6A5F20E427BB001DEC97 /* AppDelegate.h */ = {isa = PBXFileReference; lastKnownFileType = sourcecode.c.h; path = AppDelegate.h; sourceTree = "<group>"; };
		BEEF6A6020E427BB001DEC97 /* AppDelegate.m */ = {isa = PBXFileReference; lastKnownFileType = sourcecode.c.objc; path = AppDelegate.m; sourceTree = "<group>"; };
		BEEF6A6620E427BB001DEC97 /* Base */ = {isa = PBXFileReference; lastKnownFileType = file.storyboard; name = Base; path = Base.lproj/Main.storyboard; sourceTree = "<group>"; };
		BEEF6A6820E427BC001DEC97 /* Assets.xcassets */ = {isa = PBXFileReference; lastKnownFileType = folder.assetcatalog; path = Assets.xcassets; sourceTree = "<group>"; };
		BEEF6A6B20E427BC001DEC97 /* Base */ = {isa = PBXFileReference; lastKnownFileType = file.storyboard; name = Base; path = Base.lproj/LaunchScreen.storyboard; sourceTree = "<group>"; };
		BEEF6A6D20E427BC001DEC97 /* Info.plist */ = {isa = PBXFileReference; lastKnownFileType = text.plist.xml; path = Info.plist; sourceTree = "<group>"; };
		BEEF6A6E20E427BC001DEC97 /* main.m */ = {isa = PBXFileReference; lastKnownFileType = sourcecode.c.objc; path = main.m; sourceTree = "<group>"; };
		BEEF6A7520E429C7001DEC97 /* PhotosViewController.h */ = {isa = PBXFileReference; lastKnownFileType = sourcecode.c.h; path = PhotosViewController.h; sourceTree = "<group>"; };
		BEEF6A7620E429C7001DEC97 /* PhotosViewController.m */ = {isa = PBXFileReference; lastKnownFileType = sourcecode.c.objc; path = PhotosViewController.m; sourceTree = "<group>"; };
		BEEF6A7820E42D39001DEC97 /* PhotoCell.h */ = {isa = PBXFileReference; lastKnownFileType = sourcecode.c.h; path = PhotoCell.h; sourceTree = "<group>"; };
		BEEF6A7920E42D39001DEC97 /* PhotoCell.m */ = {isa = PBXFileReference; lastKnownFileType = sourcecode.c.objc; path = PhotoCell.m; sourceTree = "<group>"; };
/* End PBXFileReference section */

/* Begin PBXFrameworksBuildPhase section */
		BEEF6A5920E427BB001DEC97 /* Frameworks */ = {
			isa = PBXFrameworksBuildPhase;
			buildActionMask = 2147483647;
			files = (
				F999DB322EDAD3BA10E8C640 /* Pods_Tumblr.framework in Frameworks */,
			);
			runOnlyForDeploymentPostprocessing = 0;
		};
/* End PBXFrameworksBuildPhase section */

/* Begin PBXGroup section */
		554F4BDF92F0B2200F89C578 /* Pods */ = {
			isa = PBXGroup;
			children = (
				51EA6593627CF7346100A411 /* Pods-Tumblr.debug.xcconfig */,
				5DCD8F0E1C059A727CB276CC /* Pods-Tumblr.release.xcconfig */,
			);
			name = Pods;
			sourceTree = "<group>";
		};
		BEEF6A5320E427BB001DEC97 = {
			isa = PBXGroup;
			children = (
				BEEF6A5E20E427BB001DEC97 /* Tumblr */,
				BEEF6A5D20E427BB001DEC97 /* Products */,
				554F4BDF92F0B2200F89C578 /* Pods */,
				C2A7334841A4A4CCB0D368B6 /* Frameworks */,
			);
			sourceTree = "<group>";
		};
		BEEF6A5D20E427BB001DEC97 /* Products */ = {
			isa = PBXGroup;
			children = (
				BEEF6A5C20E427BB001DEC97 /* Tumblr.app */,
			);
			name = Products;
			sourceTree = "<group>";
		};
		BEEF6A5E20E427BB001DEC97 /* Tumblr */ = {
			isa = PBXGroup;
			children = (
				BEEF6A5F20E427BB001DEC97 /* AppDelegate.h */,
				BEEF6A6020E427BB001DEC97 /* AppDelegate.m */,
				BEEF6A6520E427BB001DEC97 /* Main.storyboard */,
				BEEF6A6820E427BC001DEC97 /* Assets.xcassets */,
				BEEF6A6A20E427BC001DEC97 /* LaunchScreen.storyboard */,
				BEEF6A6D20E427BC001DEC97 /* Info.plist */,
				BEEF6A6E20E427BC001DEC97 /* main.m */,
				BEEF6A7520E429C7001DEC97 /* PhotosViewController.h */,
				BEEF6A7620E429C7001DEC97 /* PhotosViewController.m */,
				BEEF6A7820E42D39001DEC97 /* PhotoCell.h */,
				BEEF6A7920E42D39001DEC97 /* PhotoCell.m */,
			);
			path = Tumblr;
			sourceTree = "<group>";
		};
		C2A7334841A4A4CCB0D368B6 /* Frameworks */ = {
			isa = PBXGroup;
			children = (
				98153B8DC5BBFBACABF4DFFD /* Pods_Tumblr.framework */,
			);
			name = Frameworks;
			sourceTree = "<group>";
		};
/* End PBXGroup section */

/* Begin PBXNativeTarget section */
		BEEF6A5B20E427BB001DEC97 /* Tumblr */ = {
			isa = PBXNativeTarget;
			buildConfigurationList = BEEF6A7220E427BC001DEC97 /* Build configuration list for PBXNativeTarget "Tumblr" */;
			buildPhases = (
				C03C2148AF8ECBF4BCA5DA42 /* [CP] Check Pods Manifest.lock */,
				BEEF6A5820E427BB001DEC97 /* Sources */,
				BEEF6A5920E427BB001DEC97 /* Frameworks */,
				BEEF6A5A20E427BB001DEC97 /* Resources */,
				51D13CE6BD57C874391F930B /* [CP] Embed Pods Frameworks */,
			);
			buildRules = (
			);
			dependencies = (
			);
			name = Tumblr;
			productName = Tumblr;
			productReference = BEEF6A5C20E427BB001DEC97 /* Tumblr.app */;
			productType = "com.apple.product-type.application";
		};
/* End PBXNativeTarget section */

/* Begin PBXProject section */
		BEEF6A5420E427BB001DEC97 /* Project object */ = {
			isa = PBXProject;
			attributes = {
				LastUpgradeCheck = 0940;
				ORGANIZATIONNAME = "Riley Schnee";
				TargetAttributes = {
					BEEF6A5B20E427BB001DEC97 = {
						CreatedOnToolsVersion = 9.4.1;
					};
				};
			};
			buildConfigurationList = BEEF6A5720E427BB001DEC97 /* Build configuration list for PBXProject "Tumblr" */;
			compatibilityVersion = "Xcode 9.3";
			developmentRegion = en;
			hasScannedForEncodings = 0;
			knownRegions = (
				en,
				Base,
			);
			mainGroup = BEEF6A5320E427BB001DEC97;
			productRefGroup = BEEF6A5D20E427BB001DEC97 /* Products */;
			projectDirPath = "";
			projectRoot = "";
			targets = (
				BEEF6A5B20E427BB001DEC97 /* Tumblr */,
			);
		};
/* End PBXProject section */

/* Begin PBXResourcesBuildPhase section */
		BEEF6A5A20E427BB001DEC97 /* Resources */ = {
			isa = PBXResourcesBuildPhase;
			buildActionMask = 2147483647;
			files = (
				BEEF6A6C20E427BC001DEC97 /* LaunchScreen.storyboard in Resources */,
				BEEF6A6920E427BC001DEC97 /* Assets.xcassets in Resources */,
				BEEF6A6720E427BB001DEC97 /* Main.storyboard in Resources */,
			);
			runOnlyForDeploymentPostprocessing = 0;
		};
/* End PBXResourcesBuildPhase section */

/* Begin PBXShellScriptBuildPhase section */
		51D13CE6BD57C874391F930B /* [CP] Embed Pods Frameworks */ = {
			isa = PBXShellScriptBuildPhase;
			buildActionMask = 2147483647;
			files = (
			);
			inputPaths = (
				"${SRCROOT}/Pods/Target Support Files/Pods-Tumblr/Pods-Tumblr-frameworks.sh",
				"${BUILT_PRODUCTS_DIR}/AFNetworking/AFNetworking.framework",
			);
			name = "[CP] Embed Pods Frameworks";
			outputPaths = (
				"${TARGET_BUILD_DIR}/${FRAMEWORKS_FOLDER_PATH}/AFNetworking.framework",
			);
			runOnlyForDeploymentPostprocessing = 0;
			shellPath = /bin/sh;
			shellScript = "\"${SRCROOT}/Pods/Target Support Files/Pods-Tumblr/Pods-Tumblr-frameworks.sh\"\n";
			showEnvVarsInLog = 0;
		};
		C03C2148AF8ECBF4BCA5DA42 /* [CP] Check Pods Manifest.lock */ = {
			isa = PBXShellScriptBuildPhase;
			buildActionMask = 2147483647;
			files = (
			);
			inputPaths = (
				"${PODS_PODFILE_DIR_PATH}/Podfile.lock",
				"${PODS_ROOT}/Manifest.lock",
			);
			name = "[CP] Check Pods Manifest.lock";
			outputPaths = (
				"$(DERIVED_FILE_DIR)/Pods-Tumblr-checkManifestLockResult.txt",
			);
			runOnlyForDeploymentPostprocessing = 0;
			shellPath = /bin/sh;
			shellScript = "diff \"${PODS_PODFILE_DIR_PATH}/Podfile.lock\" \"${PODS_ROOT}/Manifest.lock\" > /dev/null\nif [ $? != 0 ] ; then\n    # print error to STDERR\n    echo \"error: The sandbox is not in sync with the Podfile.lock. Run 'pod install' or update your CocoaPods installation.\" >&2\n    exit 1\nfi\n# This output is used by Xcode 'outputs' to avoid re-running this script phase.\necho \"SUCCESS\" > \"${SCRIPT_OUTPUT_FILE_0}\"\n";
			showEnvVarsInLog = 0;
		};
/* End PBXShellScriptBuildPhase section */

/* Begin PBXSourcesBuildPhase section */
		BEEF6A5820E427BB001DEC97 /* Sources */ = {
			isa = PBXSourcesBuildPhase;
			buildActionMask = 2147483647;
			files = (
				BEEF6A7A20E42D39001DEC97 /* PhotoCell.m in Sources */,
				BEEF6A6F20E427BC001DEC97 /* main.m in Sources */,
				BEEF6A7720E429C7001DEC97 /* PhotosViewController.m in Sources */,
				BEEF6A6120E427BB001DEC97 /* AppDelegate.m in Sources */,
			);
			runOnlyForDeploymentPostprocessing = 0;
		};
/* End PBXSourcesBuildPhase section */

/* Begin PBXVariantGroup section */
		BEEF6A6520E427BB001DEC97 /* Main.storyboard */ = {
			isa = PBXVariantGroup;
			children = (
				BEEF6A6620E427BB001DEC97 /* Base */,
			);
			name = Main.storyboard;
			sourceTree = "<group>";
		};
		BEEF6A6A20E427BC001DEC97 /* LaunchScreen.storyboard */ = {
			isa = PBXVariantGroup;
			children = (
				BEEF6A6B20E427BC001DEC97 /* Base */,
			);
			name = LaunchScreen.storyboard;
			sourceTree = "<group>";
		};
/* End PBXVariantGroup section */

/* Begin XCBuildConfiguration section */
		BEEF6A7020E427BC001DEC97 /* Debug */ = {
			isa = XCBuildConfiguration;
			buildSettings = {
				ALWAYS_SEARCH_USER_PATHS = NO;
				CLANG_ANALYZER_NONNULL = YES;
				CLANG_ANALYZER_NUMBER_OBJECT_CONVERSION = YES_AGGRESSIVE;
				CLANG_CXX_LANGUAGE_STANDARD = "gnu++14";
				CLANG_CXX_LIBRARY = "libc++";
				CLANG_ENABLE_MODULES = YES;
				CLANG_ENABLE_OBJC_ARC = YES;
				CLANG_ENABLE_OBJC_WEAK = YES;
				CLANG_WARN_BLOCK_CAPTURE_AUTORELEASING = YES;
				CLANG_WARN_BOOL_CONVERSION = YES;
				CLANG_WARN_COMMA = YES;
				CLANG_WARN_CONSTANT_CONVERSION = YES;
				CLANG_WARN_DEPRECATED_OBJC_IMPLEMENTATIONS = YES;
				CLANG_WARN_DIRECT_OBJC_ISA_USAGE = YES_ERROR;
				CLANG_WARN_DOCUMENTATION_COMMENTS = YES;
				CLANG_WARN_EMPTY_BODY = YES;
				CLANG_WARN_ENUM_CONVERSION = YES;
				CLANG_WARN_INFINITE_RECURSION = YES;
				CLANG_WARN_INT_CONVERSION = YES;
				CLANG_WARN_NON_LITERAL_NULL_CONVERSION = YES;
				CLANG_WARN_OBJC_IMPLICIT_RETAIN_SELF = YES;
				CLANG_WARN_OBJC_LITERAL_CONVERSION = YES;
				CLANG_WARN_OBJC_ROOT_CLASS = YES_ERROR;
				CLANG_WARN_RANGE_LOOP_ANALYSIS = YES;
				CLANG_WARN_STRICT_PROTOTYPES = YES;
				CLANG_WARN_SUSPICIOUS_MOVE = YES;
				CLANG_WARN_UNGUARDED_AVAILABILITY = YES_AGGRESSIVE;
				CLANG_WARN_UNREACHABLE_CODE = YES;
				CLANG_WARN__DUPLICATE_METHOD_MATCH = YES;
				CODE_SIGN_IDENTITY = "iPhone Developer";
				COPY_PHASE_STRIP = NO;
				DEBUG_INFORMATION_FORMAT = dwarf;
				ENABLE_STRICT_OBJC_MSGSEND = YES;
				ENABLE_TESTABILITY = YES;
				GCC_C_LANGUAGE_STANDARD = gnu11;
				GCC_DYNAMIC_NO_PIC = NO;
				GCC_NO_COMMON_BLOCKS = YES;
				GCC_OPTIMIZATION_LEVEL = 0;
				GCC_PREPROCESSOR_DEFINITIONS = (
					"DEBUG=1",
					"$(inherited)",
				);
				GCC_WARN_64_TO_32_BIT_CONVERSION = YES;
				GCC_WARN_ABOUT_RETURN_TYPE = YES_ERROR;
				GCC_WARN_UNDECLARED_SELECTOR = YES;
				GCC_WARN_UNINITIALIZED_AUTOS = YES_AGGRESSIVE;
				GCC_WARN_UNUSED_FUNCTION = YES;
				GCC_WARN_UNUSED_VARIABLE = YES;
				IPHONEOS_DEPLOYMENT_TARGET = 11.4;
				MTL_ENABLE_DEBUG_INFO = YES;
				ONLY_ACTIVE_ARCH = YES;
				SDKROOT = iphoneos;
			};
			name = Debug;
		};
		BEEF6A7120E427BC001DEC97 /* Release */ = {
			isa = XCBuildConfiguration;
			buildSettings = {
				ALWAYS_SEARCH_USER_PATHS = NO;
				CLANG_ANALYZER_NONNULL = YES;
				CLANG_ANALYZER_NUMBER_OBJECT_CONVERSION = YES_AGGRESSIVE;
				CLANG_CXX_LANGUAGE_STANDARD = "gnu++14";
				CLANG_CXX_LIBRARY = "libc++";
				CLANG_ENABLE_MODULES = YES;
				CLANG_ENABLE_OBJC_ARC = YES;
				CLANG_ENABLE_OBJC_WEAK = YES;
				CLANG_WARN_BLOCK_CAPTURE_AUTORELEASING = YES;
				CLANG_WARN_BOOL_CONVERSION = YES;
				CLANG_WARN_COMMA = YES;
				CLANG_WARN_CONSTANT_CONVERSION = YES;
				CLANG_WARN_DEPRECATED_OBJC_IMPLEMENTATIONS = YES;
				CLANG_WARN_DIRECT_OBJC_ISA_USAGE = YES_ERROR;
				CLANG_WARN_DOCUMENTATION_COMMENTS = YES;
				CLANG_WARN_EMPTY_BODY = YES;
				CLANG_WARN_ENUM_CONVERSION = YES;
				CLANG_WARN_INFINITE_RECURSION = YES;
				CLANG_WARN_INT_CONVERSION = YES;
				CLANG_WARN_NON_LITERAL_NULL_CONVERSION = YES;
				CLANG_WARN_OBJC_IMPLICIT_RETAIN_SELF = YES;
				CLANG_WARN_OBJC_LITERAL_CONVERSION = YES;
				CLANG_WARN_OBJC_ROOT_CLASS = YES_ERROR;
				CLANG_WARN_RANGE_LOOP_ANALYSIS = YES;
				CLANG_WARN_STRICT_PROTOTYPES = YES;
				CLANG_WARN_SUSPICIOUS_MOVE = YES;
				CLANG_WARN_UNGUARDED_AVAILABILITY = YES_AGGRESSIVE;
				CLANG_WARN_UNREACHABLE_CODE = YES;
				CLANG_WARN__DUPLICATE_METHOD_MATCH = YES;
				CODE_SIGN_IDENTITY = "iPhone Developer";
				COPY_PHASE_STRIP = NO;
				DEBUG_INFORMATION_FORMAT = "dwarf-with-dsym";
				ENABLE_NS_ASSERTIONS = NO;
				ENABLE_STRICT_OBJC_MSGSEND = YES;
				GCC_C_LANGUAGE_STANDARD = gnu11;
				GCC_NO_COMMON_BLOCKS = YES;
				GCC_WARN_64_TO_32_BIT_CONVERSION = YES;
				GCC_WARN_ABOUT_RETURN_TYPE = YES_ERROR;
				GCC_WARN_UNDECLARED_SELECTOR = YES;
				GCC_WARN_UNINITIALIZED_AUTOS = YES_AGGRESSIVE;
				GCC_WARN_UNUSED_FUNCTION = YES;
				GCC_WARN_UNUSED_VARIABLE = YES;
				IPHONEOS_DEPLOYMENT_TARGET = 11.4;
				MTL_ENABLE_DEBUG_INFO = NO;
				SDKROOT = iphoneos;
				VALIDATE_PRODUCT = YES;
			};
			name = Release;
		};
		BEEF6A7320E427BC001DEC97 /* Debug */ = {
			isa = XCBuildConfiguration;
			baseConfigurationReference = 51EA6593627CF7346100A411 /* Pods-Tumblr.debug.xcconfig */;
			buildSettings = {
				ASSETCATALOG_COMPILER_APPICON_NAME = AppIcon;
				CODE_SIGN_STYLE = Automatic;
				DEVELOPMENT_TEAM = 8E3CSXA9JT;
				INFOPLIST_FILE = Tumblr/Info.plist;
				LD_RUNPATH_SEARCH_PATHS = (
					"$(inherited)",
					"@executable_path/Frameworks",
				);
				PRODUCT_BUNDLE_IDENTIFIER = rileyschnee.Tumblr;
				PRODUCT_NAME = "$(TARGET_NAME)";
				TARGETED_DEVICE_FAMILY = "1,2";
			};
			name = Debug;
		};
		BEEF6A7420E427BC001DEC97 /* Release */ = {
			isa = XCBuildConfiguration;
			baseConfigurationReference = 5DCD8F0E1C059A727CB276CC /* Pods-Tumblr.release.xcconfig */;
			buildSettings = {
				ASSETCATALOG_COMPILER_APPICON_NAME = AppIcon;
				CODE_SIGN_STYLE = Automatic;
				DEVELOPMENT_TEAM = 8E3CSXA9JT;
				INFOPLIST_FILE = Tumblr/Info.plist;
				LD_RUNPATH_SEARCH_PATHS = (
					"$(inherited)",
					"@executable_path/Frameworks",
				);
				PRODUCT_BUNDLE_IDENTIFIER = rileyschnee.Tumblr;
				PRODUCT_NAME = "$(TARGET_NAME)";
				TARGETED_DEVICE_FAMILY = "1,2";
			};
			name = Release;
		};
/* End XCBuildConfiguration section */

/* Begin XCConfigurationList section */
		BEEF6A5720E427BB001DEC97 /* Build configuration list for PBXProject "Tumblr" */ = {
			isa = XCConfigurationList;
			buildConfigurations = (
				BEEF6A7020E427BC001DEC97 /* Debug */,
				BEEF6A7120E427BC001DEC97 /* Release */,
			);
			defaultConfigurationIsVisible = 0;
			defaultConfigurationName = Release;
		};
		BEEF6A7220E427BC001DEC97 /* Build configuration list for PBXNativeTarget "Tumblr" */ = {
			isa = XCConfigurationList;
			buildConfigurations = (
				BEEF6A7320E427BC001DEC97 /* Debug */,
				BEEF6A7420E427BC001DEC97 /* Release */,
			);
			defaultConfigurationIsVisible = 0;
			defaultConfigurationName = Release;
		};
/* End XCConfigurationList section */
	};
	rootObject = BEEF6A5420E427BB001DEC97 /* Project object */;
}
